<?xml version="1.0" encoding="UTF-8" standalone="yes" ?>
<CodeBlocks_project_file>
	<FileVersion major="1" minor="6" />
	<Project>
		<Option title="HelloOctober" />
		<Option pch_mode="2" />
		<Option compiler="gcc" />
		<Build>
			<Target title="Debug">
				<Option output="bin/Debug/HelloOctober" prefix_auto="1" extension_auto="1" />
				<Option object_output="obj/Debug/" />
				<Option type="1" />
				<Option compiler="gcc" />
				<Compiler>
					<Add option="-g" />
					<Add directory="include" />
				</Compiler>
			</Target>
			<Target title="Release">
				<Option output="bin/Release/HelloOctober" prefix_auto="1" extension_auto="1" />
				<Option object_output="obj/Release/" />
				<Option type="1" />
				<Option compiler="gcc" />
				<Compiler>
					<Add option="-O2" />
					<Add directory="include" />
				</Compiler>
				<Linker>
					<Add option="-s" />
				</Linker>
			</Target>
		</Build>
		<Compiler>
			<Add option="-Wall" />
			<Add option="-fexceptions" />
		</Compiler>
		<Unit filename="images/cauldron.png" />
		<Unit filename="images/characters/a1.png" />
		<Unit filename="images/characters/a10.png" />
		<Unit filename="images/characters/a11.png" />
		<Unit filename="images/characters/a12.png" />
		<Unit filename="images/characters/a2.png" />
		<Unit filename="images/characters/a3.png" />
		<Unit filename="images/characters/a4.png" />
		<Unit filename="images/characters/a5.png" />
		<Unit filename="images/characters/a6.png" />
		<Unit filename="images/characters/a7.png" />
		<Unit filename="images/characters/a8.png" />
		<Unit filename="images/characters/a9.png" />
		<Unit filename="images/house1.png" />
		<Unit filename="images/house_2.png" />
		<Unit filename="images/house_3.png" />
		<Unit filename="images/house_4.png" />
		<Unit filename="images/house_5.png" />
		<Unit filename="images/house_6.png" />
		<Unit filename="images/mask2.png" />
		<Unit filename="images/pg1.png" />
		<Unit filename="include/Sprite.h" />
		<Unit filename="include/Window.h" />
		<Unit filename="main.cpp" />
		<Unit filename="src/Sprite.cpp" />
		<Unit filename="src/Window.cpp" />
		<Extensions>
			<code_completion />
			<envvars />
			<debugger />
		</Extensions>
	</Project>
</CodeBlocks_project_file>
